{
  "version": 4,
  "terraform_version": "1.9.4",
  "serial": 5,
  "lineage": "f888ef8b-e52e-5f12-8992-472eba9b820d",
  "outputs": {},
  "resources": [
    {
      "mode": "managed",
      "type": "docker_image",
      "name": "nats",
      "provider": "provider[\"registry.terraform.io/kreuzwerker/docker\"]",
      "instances": [
        {
          "schema_version": 0,
          "attributes": {
            "build": [],
            "force_remove": null,
            "id": "sha256:ecf8df11043e0dd108dedc7741b1df4ae6e0a133a442b4f3f136b2d9acc73357nats:latest",
            "image_id": "sha256:ecf8df11043e0dd108dedc7741b1df4ae6e0a133a442b4f3f136b2d9acc73357",
            "keep_locally": null,
            "name": "nats:latest",
            "platform": null,
            "pull_triggers": null,
            "repo_digest": "nats@sha256:4a779916f0c7de75f757a63707a54a37951c1501bec80078b5e440ab0c6ab29e",
            "triggers": null
          },
          "sensitive_attributes": [],
          "private": "bnVsbA=="
        }
      ]
    },
    {
      "mode": "managed",
      "type": "docker_network",
      "name": "kafka_network",
      "provider": "provider[\"registry.terraform.io/kreuzwerker/docker\"]",
      "instances": [
        {
          "schema_version": 1,
          "attributes": {
            "attachable": false,
            "check_duplicate": null,
            "driver": "bridge",
            "id": "425abcdf288fafec31820b2d7673d257de03418bcbf386fe5bb1f7a9cd19612c",
            "ingress": false,
            "internal": false,
            "ipam_config": [
              {
                "aux_address": {},
                "gateway": "172.18.0.1",
                "ip_range": "",
                "subnet": "172.18.0.0/16"
              }
            ],
            "ipam_driver": "default",
            "ipam_options": {},
            "ipv6": false,
            "labels": [],
            "name": "kafka-network",
            "options": {},
            "scope": "local"
          },
          "sensitive_attributes": [],
          "private": "eyJzY2hlbWFfdmVyc2lvbiI6IjEifQ=="
        }
      ]
    }
  ],
  "check_results": null
}
